
Microsoft Visual Studio Solution File, Format Version 12.00
# Visual Studio Version 17
VisualStudioVersion = 17.0.31903.59
MinimumVisualStudioVersion = 10.0.40219.1
Project("{2150E333-8FDC-42A3-9474-1A3956D46DE8}") = "src", "src", "{827E0CD3-B72D-47B6-A68D-7590B98EB39B}"
EndProject
Project("{2150E333-8FDC-42A3-9474-1A3956D46DE8}") = "BuildingBlocks", "BuildingBlocks", "{90298CBA-BD6F-3A0A-69D5-97CAD7B05E7E}"
EndProject
Project("{FAE04EC0-301F-11D3-BF4B-00C04F79EFBC}") = "Marketplace.Kernel", "src\BuildingBlocks\Marketplace.Kernel\Marketplace.Kernel.csproj", "{246796E5-BC89-435A-B3CF-66FC039A05E3}"
EndProject
Project("{FAE04EC0-301F-11D3-BF4B-00C04F79EFBC}") = "Marketplace.Contracts", "src\BuildingBlocks\Marketplace.Contracts\Marketplace.Contracts.csproj", "{B0319ED1-8592-4A88-9E79-07868A98E793}"
EndProject
Project("{FAE04EC0-301F-11D3-BF4B-00C04F79EFBC}") = "Marketplace.Observability", "src\BuildingBlocks\Marketplace.Observability\Marketplace.Observability.csproj", "{8588B645-E0F7-4597-96AC-A7CAFA98CF3F}"
EndProject
Project("{2150E333-8FDC-42A3-9474-1A3956D46DE8}") = "Services", "Services", "{984BB9B3-3FA3-BE33-9484-CAC21695A33C}"
EndProject
Project("{2150E333-8FDC-42A3-9474-1A3956D46DE8}") = "Publishers", "Publishers", "{B11C161C-87E2-8E15-0498-AB5185D86FB9}"
EndProject
Project("{FAE04EC0-301F-11D3-BF4B-00C04F79EFBC}") = "Publishers.Entities", "src\Services\Publishers\Publishers.Entities\Publishers.Entities.csproj", "{AB22F3C1-4E0C-42BC-A056-CD3D294B7E36}"
EndProject
Project("{FAE04EC0-301F-11D3-BF4B-00C04F79EFBC}") = "Publishers.UseCases", "src\Services\Publishers\Publishers.UseCases\Publishers.UseCases.csproj", "{3A5382EA-8043-40A7-A2F1-270AF185EAE0}"
EndProject
Project("{FAE04EC0-301F-11D3-BF4B-00C04F79EFBC}") = "Publishers.Infrastructure", "src\Services\Publishers\Publishers.Infrastructure\Publishers.Infrastructure.csproj", "{AC7F07A4-EF79-4F7F-BF6C-E361B5C0F99D}"
EndProject
Project("{FAE04EC0-301F-11D3-BF4B-00C04F79EFBC}") = "Publishers.Presentation", "src\Services\Publishers\Publishers.Presentation\Publishers.Presentation.csproj", "{DF73430C-0C67-4933-A15F-DAA1549CBBD8}"
EndProject
Project("{FAE04EC0-301F-11D3-BF4B-00C04F79EFBC}") = "Publishers.Host", "src\Services\Publishers\Publishers.Host\Publishers.Host.csproj", "{75B6D2FC-49B4-4CF7-AFA4-10FCBFA328D7}"
EndProject
Project("{2150E333-8FDC-42A3-9474-1A3956D46DE8}") = "Identity", "Identity", "{1BFC9479-12BF-35C3-06B8-42D89D95092B}"
EndProject
Project("{FAE04EC0-301F-11D3-BF4B-00C04F79EFBC}") = "Identity.Entities", "src\Services\Identity\Identity.Entities\Identity.Entities.csproj", "{4130F7D2-9896-4EBE-9B53-6A8A64940AC4}"
EndProject
Project("{FAE04EC0-301F-11D3-BF4B-00C04F79EFBC}") = "Identity.UseCases", "src\Services\Identity\Identity.UseCases\Identity.UseCases.csproj", "{0229616B-DE7E-49E6-9C86-13CA67760BDB}"
EndProject
Project("{FAE04EC0-301F-11D3-BF4B-00C04F79EFBC}") = "Identity.Infrastructure", "src\Services\Identity\Identity.Infrastructure\Identity.Infrastructure.csproj", "{A4E76BAE-4E99-460F-9F52-3C14DB5B282C}"
EndProject
Project("{FAE04EC0-301F-11D3-BF4B-00C04F79EFBC}") = "Identity.Presentation", "src\Services\Identity\Identity.Presentation\Identity.Presentation.csproj", "{DF80ADCB-37FC-4D85-A677-22A6EC89ECDE}"
EndProject
Project("{FAE04EC0-301F-11D3-BF4B-00C04F79EFBC}") = "Identity.Host", "src\Services\Identity\Identity.Host\Identity.Host.csproj", "{D521CFDB-8273-42A0-BA9C-B1F2C0A19EDE}"
EndProject
Project("{2150E333-8FDC-42A3-9474-1A3956D46DE8}") = "Advertisers", "Advertisers", "{08C338B6-93AF-3291-0824-EC06734D973B}"
EndProject
Project("{FAE04EC0-301F-11D3-BF4B-00C04F79EFBC}") = "Advertisers.Entities", "src\Services\Advertisers\Advertisers.Entities\Advertisers.Entities.csproj", "{A995F020-A597-4A83-9743-A1C78487BE39}"
EndProject
Project("{FAE04EC0-301F-11D3-BF4B-00C04F79EFBC}") = "Advertisers.UseCases", "src\Services\Advertisers\Advertisers.UseCases\Advertisers.UseCases.csproj", "{08D3E96A-EB9A-4213-B116-387E7854732B}"
EndProject
Project("{FAE04EC0-301F-11D3-BF4B-00C04F79EFBC}") = "Advertisers.Infrastructure", "src\Services\Advertisers\Advertisers.Infrastructure\Advertisers.Infrastructure.csproj", "{05F9BC9A-6FA8-47C6-8D50-710EFDF2A2BB}"
EndProject
Project("{FAE04EC0-301F-11D3-BF4B-00C04F79EFBC}") = "Advertisers.Presentation", "src\Services\Advertisers\Advertisers.Presentation\Advertisers.Presentation.csproj", "{906D3365-504E-44E4-A924-DA63188B4F4E}"
EndProject
Project("{FAE04EC0-301F-11D3-BF4B-00C04F79EFBC}") = "Advertisers.Host", "src\Services\Advertisers\Advertisers.Host\Advertisers.Host.csproj", "{8AE7C4DF-24F1-4066-B812-5A6598B102C1}"
EndProject
Project("{2150E333-8FDC-42A3-9474-1A3956D46DE8}") = "ChannelCatalog", "ChannelCatalog", "{558A5B21-D272-95AE-CA2D-B74645B1AE0F}"
EndProject
Project("{FAE04EC0-301F-11D3-BF4B-00C04F79EFBC}") = "ChannelCatalog.Entities", "src\Services\ChannelCatalog\ChannelCatalog.Entities\ChannelCatalog.Entities.csproj", "{07B794B5-CB56-487C-B3EB-795F54CCD5E1}"
EndProject
Project("{FAE04EC0-301F-11D3-BF4B-00C04F79EFBC}") = "ChannelCatalog.UseCases", "src\Services\ChannelCatalog\ChannelCatalog.UseCases\ChannelCatalog.UseCases.csproj", "{4D165799-0AA2-4F4D-B8A3-448E5E4C548B}"
EndProject
Project("{FAE04EC0-301F-11D3-BF4B-00C04F79EFBC}") = "ChannelCatalog.Infrastructure", "src\Services\ChannelCatalog\ChannelCatalog.Infrastructure\ChannelCatalog.Infrastructure.csproj", "{85EB6EF1-C0EC-461C-A01E-6E22AAF14562}"
EndProject
Project("{FAE04EC0-301F-11D3-BF4B-00C04F79EFBC}") = "ChannelCatalog.Presentation", "src\Services\ChannelCatalog\ChannelCatalog.Presentation\ChannelCatalog.Presentation.csproj", "{FD4BC7B2-5CF6-4730-80C5-C5D6A47E67F5}"
EndProject
Project("{FAE04EC0-301F-11D3-BF4B-00C04F79EFBC}") = "ChannelCatalog.Host", "src\Services\ChannelCatalog\ChannelCatalog.Host\ChannelCatalog.Host.csproj", "{EE8C7C19-3E1C-4C1D-BDA0-332D45EF6713}"
EndProject
Project("{2150E333-8FDC-42A3-9474-1A3956D46DE8}") = "Deals", "Deals", "{70B18DC6-6B0C-3763-F1D9-6A4C34F30556}"
EndProject
Project("{FAE04EC0-301F-11D3-BF4B-00C04F79EFBC}") = "Deals.Entities", "src\Services\Deals\Deals.Entities\Deals.Entities.csproj", "{247187D9-3210-4756-9C04-3EC724A98839}"
EndProject
Project("{FAE04EC0-301F-11D3-BF4B-00C04F79EFBC}") = "Deals.UseCases", "src\Services\Deals\Deals.UseCases\Deals.UseCases.csproj", "{17458E46-CC57-4E86-B99B-99C359E8D62C}"
EndProject
Project("{FAE04EC0-301F-11D3-BF4B-00C04F79EFBC}") = "Deals.Infrastructure", "src\Services\Deals\Deals.Infrastructure\Deals.Infrastructure.csproj", "{AF908346-ABF0-41B8-9788-181942B9D546}"
EndProject
Project("{FAE04EC0-301F-11D3-BF4B-00C04F79EFBC}") = "Deals.Presentation", "src\Services\Deals\Deals.Presentation\Deals.Presentation.csproj", "{17075E8A-7438-4E0D-9E7D-0CE2A17D4998}"
EndProject
Project("{FAE04EC0-301F-11D3-BF4B-00C04F79EFBC}") = "Deals.Host", "src\Services\Deals\Deals.Host\Deals.Host.csproj", "{1F706554-F46D-463C-A637-D2F2433C9468}"
EndProject
Project("{2150E333-8FDC-42A3-9474-1A3956D46DE8}") = "Payments", "Payments", "{5D0AC027-C8EE-3244-A029-36278C99F1B8}"
EndProject
Project("{FAE04EC0-301F-11D3-BF4B-00C04F79EFBC}") = "Payments.Entities", "src\Services\Payments\Payments.Entities\Payments.Entities.csproj", "{D0483851-23F8-4424-B3C6-3457990CDE67}"
EndProject
Project("{FAE04EC0-301F-11D3-BF4B-00C04F79EFBC}") = "Payments.UseCases", "src\Services\Payments\Payments.UseCases\Payments.UseCases.csproj", "{F77A44E6-0222-4715-8A34-ADF8D9B0E762}"
EndProject
Project("{FAE04EC0-301F-11D3-BF4B-00C04F79EFBC}") = "Payments.Infrastructure", "src\Services\Payments\Payments.Infrastructure\Payments.Infrastructure.csproj", "{7CD18E1A-CD53-4E49-A1C6-0EAC1F0ACC1A}"
EndProject
Project("{FAE04EC0-301F-11D3-BF4B-00C04F79EFBC}") = "Payments.Presentation", "src\Services\Payments\Payments.Presentation\Payments.Presentation.csproj", "{A3E9DF1D-2CDC-48A7-9681-4535C019E329}"
EndProject
Project("{FAE04EC0-301F-11D3-BF4B-00C04F79EFBC}") = "Payments.Host", "src\Services\Payments\Payments.Host\Payments.Host.csproj", "{3E8884EA-A779-444B-A2BE-7923BC2B261A}"
EndProject
Project("{FAE04EC0-301F-11D3-BF4B-00C04F79EFBC}") = "Marketplace.Security", "src\BuildingBlocks\Marketplace.Security\Marketplace.Security.csproj", "{30803026-015F-4AB0-AC5B-60B38E9E0E8B}"
EndProject
Project("{FAE04EC0-301F-11D3-BF4B-00C04F79EFBC}") = "Marketplace.ServiceAuth", "src\BuildingBlocks\Marketplace.ServiceAuth\Marketplace.ServiceAuth.csproj", "{95C4A484-76B5-4F09-9D53-AD305720C608}"
EndProject
Project("{FAE04EC0-301F-11D3-BF4B-00C04F79EFBC}") = "Marketplace.Messaging", "src\BuildingBlocks\Marketplace.Messaging\Marketplace.Messaging.csproj", "{C8F4E119-1C0B-4733-B960-9FBE11874A9E}"
EndProject
Global
	GlobalSection(SolutionConfigurationPlatforms) = preSolution
		Debug|Any CPU = Debug|Any CPU
		Debug|x64 = Debug|x64
		Debug|x86 = Debug|x86
		Release|Any CPU = Release|Any CPU
		Release|x64 = Release|x64
		Release|x86 = Release|x86
	EndGlobalSection
	GlobalSection(ProjectConfigurationPlatforms) = postSolution
		{246796E5-BC89-435A-B3CF-66FC039A05E3}.Debug|Any CPU.ActiveCfg = Debug|Any CPU
		{246796E5-BC89-435A-B3CF-66FC039A05E3}.Debug|Any CPU.Build.0 = Debug|Any CPU
		{246796E5-BC89-435A-B3CF-66FC039A05E3}.Debug|x64.ActiveCfg = Debug|Any CPU
		{246796E5-BC89-435A-B3CF-66FC039A05E3}.Debug|x64.Build.0 = Debug|Any CPU
		{246796E5-BC89-435A-B3CF-66FC039A05E3}.Debug|x86.ActiveCfg = Debug|Any CPU
		{246796E5-BC89-435A-B3CF-66FC039A05E3}.Debug|x86.Build.0 = Debug|Any CPU
		{246796E5-BC89-435A-B3CF-66FC039A05E3}.Release|Any CPU.ActiveCfg = Release|Any CPU
		{246796E5-BC89-435A-B3CF-66FC039A05E3}.Release|Any CPU.Build.0 = Release|Any CPU
		{246796E5-BC89-435A-B3CF-66FC039A05E3}.Release|x64.ActiveCfg = Release|Any CPU
		{246796E5-BC89-435A-B3CF-66FC039A05E3}.Release|x64.Build.0 = Release|Any CPU
		{246796E5-BC89-435A-B3CF-66FC039A05E3}.Release|x86.ActiveCfg = Release|Any CPU
		{246796E5-BC89-435A-B3CF-66FC039A05E3}.Release|x86.Build.0 = Release|Any CPU
		{B0319ED1-8592-4A88-9E79-07868A98E793}.Debug|Any CPU.ActiveCfg = Debug|Any CPU
		{B0319ED1-8592-4A88-9E79-07868A98E793}.Debug|Any CPU.Build.0 = Debug|Any CPU
		{B0319ED1-8592-4A88-9E79-07868A98E793}.Debug|x64.ActiveCfg = Debug|Any CPU
		{B0319ED1-8592-4A88-9E79-07868A98E793}.Debug|x64.Build.0 = Debug|Any CPU
		{B0319ED1-8592-4A88-9E79-07868A98E793}.Debug|x86.ActiveCfg = Debug|Any CPU
		{B0319ED1-8592-4A88-9E79-07868A98E793}.Debug|x86.Build.0 = Debug|Any CPU
		{B0319ED1-8592-4A88-9E79-07868A98E793}.Release|Any CPU.ActiveCfg = Release|Any CPU
		{B0319ED1-8592-4A88-9E79-07868A98E793}.Release|Any CPU.Build.0 = Release|Any CPU
		{B0319ED1-8592-4A88-9E79-07868A98E793}.Release|x64.ActiveCfg = Release|Any CPU
		{B0319ED1-8592-4A88-9E79-07868A98E793}.Release|x64.Build.0 = Release|Any CPU
		{B0319ED1-8592-4A88-9E79-07868A98E793}.Release|x86.ActiveCfg = Release|Any CPU
		{B0319ED1-8592-4A88-9E79-07868A98E793}.Release|x86.Build.0 = Release|Any CPU
		{8588B645-E0F7-4597-96AC-A7CAFA98CF3F}.Debug|Any CPU.ActiveCfg = Debug|Any CPU
		{8588B645-E0F7-4597-96AC-A7CAFA98CF3F}.Debug|Any CPU.Build.0 = Debug|Any CPU
		{8588B645-E0F7-4597-96AC-A7CAFA98CF3F}.Debug|x64.ActiveCfg = Debug|Any CPU
		{8588B645-E0F7-4597-96AC-A7CAFA98CF3F}.Debug|x64.Build.0 = Debug|Any CPU
		{8588B645-E0F7-4597-96AC-A7CAFA98CF3F}.Debug|x86.ActiveCfg = Debug|Any CPU
		{8588B645-E0F7-4597-96AC-A7CAFA98CF3F}.Debug|x86.Build.0 = Debug|Any CPU
		{8588B645-E0F7-4597-96AC-A7CAFA98CF3F}.Release|Any CPU.ActiveCfg = Release|Any CPU
		{8588B645-E0F7-4597-96AC-A7CAFA98CF3F}.Release|Any CPU.Build.0 = Release|Any CPU
		{8588B645-E0F7-4597-96AC-A7CAFA98CF3F}.Release|x64.ActiveCfg = Release|Any CPU
		{8588B645-E0F7-4597-96AC-A7CAFA98CF3F}.Release|x64.Build.0 = Release|Any CPU
		{8588B645-E0F7-4597-96AC-A7CAFA98CF3F}.Release|x86.ActiveCfg = Release|Any CPU
		{8588B645-E0F7-4597-96AC-A7CAFA98CF3F}.Release|x86.Build.0 = Release|Any CPU
		{AB22F3C1-4E0C-42BC-A056-CD3D294B7E36}.Debug|Any CPU.ActiveCfg = Debug|Any CPU
		{AB22F3C1-4E0C-42BC-A056-CD3D294B7E36}.Debug|Any CPU.Build.0 = Debug|Any CPU
		{AB22F3C1-4E0C-42BC-A056-CD3D294B7E36}.Debug|x64.ActiveCfg = Debug|Any CPU
		{AB22F3C1-4E0C-42BC-A056-CD3D294B7E36}.Debug|x64.Build.0 = Debug|Any CPU
		{AB22F3C1-4E0C-42BC-A056-CD3D294B7E36}.Debug|x86.ActiveCfg = Debug|Any CPU
		{AB22F3C1-4E0C-42BC-A056-CD3D294B7E36}.Debug|x86.Build.0 = Debug|Any CPU
		{AB22F3C1-4E0C-42BC-A056-CD3D294B7E36}.Release|Any CPU.ActiveCfg = Release|Any CPU
		{AB22F3C1-4E0C-42BC-A056-CD3D294B7E36}.Release|Any CPU.Build.0 = Release|Any CPU
		{AB22F3C1-4E0C-42BC-A056-CD3D294B7E36}.Release|x64.ActiveCfg = Release|Any CPU
		{AB22F3C1-4E0C-42BC-A056-CD3D294B7E36}.Release|x64.Build.0 = Release|Any CPU
		{AB22F3C1-4E0C-42BC-A056-CD3D294B7E36}.Release|x86.ActiveCfg = Release|Any CPU
		{AB22F3C1-4E0C-42BC-A056-CD3D294B7E36}.Release|x86.Build.0 = Release|Any CPU
		{3A5382EA-8043-40A7-A2F1-270AF185EAE0}.Debug|Any CPU.ActiveCfg = Debug|Any CPU
		{3A5382EA-8043-40A7-A2F1-270AF185EAE0}.Debug|Any CPU.Build.0 = Debug|Any CPU
		{3A5382EA-8043-40A7-A2F1-270AF185EAE0}.Debug|x64.ActiveCfg = Debug|Any CPU
		{3A5382EA-8043-40A7-A2F1-270AF185EAE0}.Debug|x64.Build.0 = Debug|Any CPU
		{3A5382EA-8043-40A7-A2F1-270AF185EAE0}.Debug|x86.ActiveCfg = Debug|Any CPU
		{3A5382EA-8043-40A7-A2F1-270AF185EAE0}.Debug|x86.Build.0 = Debug|Any CPU
		{3A5382EA-8043-40A7-A2F1-270AF185EAE0}.Release|Any CPU.ActiveCfg = Release|Any CPU
		{3A5382EA-8043-40A7-A2F1-270AF185EAE0}.Release|Any CPU.Build.0 = Release|Any CPU
		{3A5382EA-8043-40A7-A2F1-270AF185EAE0}.Release|x64.ActiveCfg = Release|Any CPU
		{3A5382EA-8043-40A7-A2F1-270AF185EAE0}.Release|x64.Build.0 = Release|Any CPU
		{3A5382EA-8043-40A7-A2F1-270AF185EAE0}.Release|x86.ActiveCfg = Release|Any CPU
		{3A5382EA-8043-40A7-A2F1-270AF185EAE0}.Release|x86.Build.0 = Release|Any CPU
		{AC7F07A4-EF79-4F7F-BF6C-E361B5C0F99D}.Debug|Any CPU.ActiveCfg = Debug|Any CPU
		{AC7F07A4-EF79-4F7F-BF6C-E361B5C0F99D}.Debug|Any CPU.Build.0 = Debug|Any CPU
		{AC7F07A4-EF79-4F7F-BF6C-E361B5C0F99D}.Debug|x64.ActiveCfg = Debug|Any CPU
		{AC7F07A4-EF79-4F7F-BF6C-E361B5C0F99D}.Debug|x64.Build.0 = Debug|Any CPU
		{AC7F07A4-EF79-4F7F-BF6C-E361B5C0F99D}.Debug|x86.ActiveCfg = Debug|Any CPU
		{AC7F07A4-EF79-4F7F-BF6C-E361B5C0F99D}.Debug|x86.Build.0 = Debug|Any CPU
		{AC7F07A4-EF79-4F7F-BF6C-E361B5C0F99D}.Release|Any CPU.ActiveCfg = Release|Any CPU
		{AC7F07A4-EF79-4F7F-BF6C-E361B5C0F99D}.Release|Any CPU.Build.0 = Release|Any CPU
		{AC7F07A4-EF79-4F7F-BF6C-E361B5C0F99D}.Release|x64.ActiveCfg = Release|Any CPU
		{AC7F07A4-EF79-4F7F-BF6C-E361B5C0F99D}.Release|x64.Build.0 = Release|Any CPU
		{AC7F07A4-EF79-4F7F-BF6C-E361B5C0F99D}.Release|x86.ActiveCfg = Release|Any CPU
		{AC7F07A4-EF79-4F7F-BF6C-E361B5C0F99D}.Release|x86.Build.0 = Release|Any CPU
		{DF73430C-0C67-4933-A15F-DAA1549CBBD8}.Debug|Any CPU.ActiveCfg = Debug|Any CPU
		{DF73430C-0C67-4933-A15F-DAA1549CBBD8}.Debug|Any CPU.Build.0 = Debug|Any CPU
		{DF73430C-0C67-4933-A15F-DAA1549CBBD8}.Debug|x64.ActiveCfg = Debug|Any CPU
		{DF73430C-0C67-4933-A15F-DAA1549CBBD8}.Debug|x64.Build.0 = Debug|Any CPU
		{DF73430C-0C67-4933-A15F-DAA1549CBBD8}.Debug|x86.ActiveCfg = Debug|Any CPU
		{DF73430C-0C67-4933-A15F-DAA1549CBBD8}.Debug|x86.Build.0 = Debug|Any CPU
		{DF73430C-0C67-4933-A15F-DAA1549CBBD8}.Release|Any CPU.ActiveCfg = Release|Any CPU
		{DF73430C-0C67-4933-A15F-DAA1549CBBD8}.Release|Any CPU.Build.0 = Release|Any CPU
		{DF73430C-0C67-4933-A15F-DAA1549CBBD8}.Release|x64.ActiveCfg = Release|Any CPU
		{DF73430C-0C67-4933-A15F-DAA1549CBBD8}.Release|x64.Build.0 = Release|Any CPU
		{DF73430C-0C67-4933-A15F-DAA1549CBBD8}.Release|x86.ActiveCfg = Release|Any CPU
		{DF73430C-0C67-4933-A15F-DAA1549CBBD8}.Release|x86.Build.0 = Release|Any CPU
		{75B6D2FC-49B4-4CF7-AFA4-10FCBFA328D7}.Debug|Any CPU.ActiveCfg = Debug|Any CPU
		{75B6D2FC-49B4-4CF7-AFA4-10FCBFA328D7}.Debug|Any CPU.Build.0 = Debug|Any CPU
		{75B6D2FC-49B4-4CF7-AFA4-10FCBFA328D7}.Debug|x64.ActiveCfg = Debug|Any CPU
		{75B6D2FC-49B4-4CF7-AFA4-10FCBFA328D7}.Debug|x64.Build.0 = Debug|Any CPU
		{75B6D2FC-49B4-4CF7-AFA4-10FCBFA328D7}.Debug|x86.ActiveCfg = Debug|Any CPU
		{75B6D2FC-49B4-4CF7-AFA4-10FCBFA328D7}.Debug|x86.Build.0 = Debug|Any CPU
		{75B6D2FC-49B4-4CF7-AFA4-10FCBFA328D7}.Release|Any CPU.ActiveCfg = Release|Any CPU
		{75B6D2FC-49B4-4CF7-AFA4-10FCBFA328D7}.Release|Any CPU.Build.0 = Release|Any CPU
		{75B6D2FC-49B4-4CF7-AFA4-10FCBFA328D7}.Release|x64.ActiveCfg = Release|Any CPU
		{75B6D2FC-49B4-4CF7-AFA4-10FCBFA328D7}.Release|x64.Build.0 = Release|Any CPU
		{75B6D2FC-49B4-4CF7-AFA4-10FCBFA328D7}.Release|x86.ActiveCfg = Release|Any CPU
		{75B6D2FC-49B4-4CF7-AFA4-10FCBFA328D7}.Release|x86.Build.0 = Release|Any CPU
		{4130F7D2-9896-4EBE-9B53-6A8A64940AC4}.Debug|Any CPU.ActiveCfg = Debug|Any CPU
		{4130F7D2-9896-4EBE-9B53-6A8A64940AC4}.Debug|Any CPU.Build.0 = Debug|Any CPU
		{4130F7D2-9896-4EBE-9B53-6A8A64940AC4}.Debug|x64.ActiveCfg = Debug|Any CPU
		{4130F7D2-9896-4EBE-9B53-6A8A64940AC4}.Debug|x64.Build.0 = Debug|Any CPU
		{4130F7D2-9896-4EBE-9B53-6A8A64940AC4}.Debug|x86.ActiveCfg = Debug|Any CPU
		{4130F7D2-9896-4EBE-9B53-6A8A64940AC4}.Debug|x86.Build.0 = Debug|Any CPU
		{4130F7D2-9896-4EBE-9B53-6A8A64940AC4}.Release|Any CPU.ActiveCfg = Release|Any CPU
		{4130F7D2-9896-4EBE-9B53-6A8A64940AC4}.Release|Any CPU.Build.0 = Release|Any CPU
		{4130F7D2-9896-4EBE-9B53-6A8A64940AC4}.Release|x64.ActiveCfg = Release|Any CPU
		{4130F7D2-9896-4EBE-9B53-6A8A64940AC4}.Release|x64.Build.0 = Release|Any CPU
		{4130F7D2-9896-4EBE-9B53-6A8A64940AC4}.Release|x86.ActiveCfg = Release|Any CPU
		{4130F7D2-9896-4EBE-9B53-6A8A64940AC4}.Release|x86.Build.0 = Release|Any CPU
		{0229616B-DE7E-49E6-9C86-13CA67760BDB}.Debug|Any CPU.ActiveCfg = Debug|Any CPU
		{0229616B-DE7E-49E6-9C86-13CA67760BDB}.Debug|Any CPU.Build.0 = Debug|Any CPU
		{0229616B-DE7E-49E6-9C86-13CA67760BDB}.Debug|x64.ActiveCfg = Debug|Any CPU
		{0229616B-DE7E-49E6-9C86-13CA67760BDB}.Debug|x64.Build.0 = Debug|Any CPU
		{0229616B-DE7E-49E6-9C86-13CA67760BDB}.Debug|x86.ActiveCfg = Debug|Any CPU
		{0229616B-DE7E-49E6-9C86-13CA67760BDB}.Debug|x86.Build.0 = Debug|Any CPU
		{0229616B-DE7E-49E6-9C86-13CA67760BDB}.Release|Any CPU.ActiveCfg = Release|Any CPU
		{0229616B-DE7E-49E6-9C86-13CA67760BDB}.Release|Any CPU.Build.0 = Release|Any CPU
		{0229616B-DE7E-49E6-9C86-13CA67760BDB}.Release|x64.ActiveCfg = Release|Any CPU
		{0229616B-DE7E-49E6-9C86-13CA67760BDB}.Release|x64.Build.0 = Release|Any CPU
		{0229616B-DE7E-49E6-9C86-13CA67760BDB}.Release|x86.ActiveCfg = Release|Any CPU
		{0229616B-DE7E-49E6-9C86-13CA67760BDB}.Release|x86.Build.0 = Release|Any CPU
		{A4E76BAE-4E99-460F-9F52-3C14DB5B282C}.Debug|Any CPU.ActiveCfg = Debug|Any CPU
		{A4E76BAE-4E99-460F-9F52-3C14DB5B282C}.Debug|Any CPU.Build.0 = Debug|Any CPU
		{A4E76BAE-4E99-460F-9F52-3C14DB5B282C}.Debug|x64.ActiveCfg = Debug|Any CPU
		{A4E76BAE-4E99-460F-9F52-3C14DB5B282C}.Debug|x64.Build.0 = Debug|Any CPU
		{A4E76BAE-4E99-460F-9F52-3C14DB5B282C}.Debug|x86.ActiveCfg = Debug|Any CPU
		{A4E76BAE-4E99-460F-9F52-3C14DB5B282C}.Debug|x86.Build.0 = Debug|Any CPU
		{A4E76BAE-4E99-460F-9F52-3C14DB5B282C}.Release|Any CPU.ActiveCfg = Release|Any CPU
		{A4E76BAE-4E99-460F-9F52-3C14DB5B282C}.Release|Any CPU.Build.0 = Release|Any CPU
		{A4E76BAE-4E99-460F-9F52-3C14DB5B282C}.Release|x64.ActiveCfg = Release|Any CPU
		{A4E76BAE-4E99-460F-9F52-3C14DB5B282C}.Release|x64.Build.0 = Release|Any CPU
		{A4E76BAE-4E99-460F-9F52-3C14DB5B282C}.Release|x86.ActiveCfg = Release|Any CPU
		{A4E76BAE-4E99-460F-9F52-3C14DB5B282C}.Release|x86.Build.0 = Release|Any CPU
		{DF80ADCB-37FC-4D85-A677-22A6EC89ECDE}.Debug|Any CPU.ActiveCfg = Debug|Any CPU
		{DF80ADCB-37FC-4D85-A677-22A6EC89ECDE}.Debug|Any CPU.Build.0 = Debug|Any CPU
		{DF80ADCB-37FC-4D85-A677-22A6EC89ECDE}.Debug|x64.ActiveCfg = Debug|Any CPU
		{DF80ADCB-37FC-4D85-A677-22A6EC89ECDE}.Debug|x64.Build.0 = Debug|Any CPU
		{DF80ADCB-37FC-4D85-A677-22A6EC89ECDE}.Debug|x86.ActiveCfg = Debug|Any CPU
		{DF80ADCB-37FC-4D85-A677-22A6EC89ECDE}.Debug|x86.Build.0 = Debug|Any CPU
		{DF80ADCB-37FC-4D85-A677-22A6EC89ECDE}.Release|Any CPU.ActiveCfg = Release|Any CPU
		{DF80ADCB-37FC-4D85-A677-22A6EC89ECDE}.Release|Any CPU.Build.0 = Release|Any CPU
		{DF80ADCB-37FC-4D85-A677-22A6EC89ECDE}.Release|x64.ActiveCfg = Release|Any CPU
		{DF80ADCB-37FC-4D85-A677-22A6EC89ECDE}.Release|x64.Build.0 = Release|Any CPU
		{DF80ADCB-37FC-4D85-A677-22A6EC89ECDE}.Release|x86.ActiveCfg = Release|Any CPU
		{DF80ADCB-37FC-4D85-A677-22A6EC89ECDE}.Release|x86.Build.0 = Release|Any CPU
		{D521CFDB-8273-42A0-BA9C-B1F2C0A19EDE}.Debug|Any CPU.ActiveCfg = Debug|Any CPU
		{D521CFDB-8273-42A0-BA9C-B1F2C0A19EDE}.Debug|Any CPU.Build.0 = Debug|Any CPU
		{D521CFDB-8273-42A0-BA9C-B1F2C0A19EDE}.Debug|x64.ActiveCfg = Debug|Any CPU
		{D521CFDB-8273-42A0-BA9C-B1F2C0A19EDE}.Debug|x64.Build.0 = Debug|Any CPU
		{D521CFDB-8273-42A0-BA9C-B1F2C0A19EDE}.Debug|x86.ActiveCfg = Debug|Any CPU
		{D521CFDB-8273-42A0-BA9C-B1F2C0A19EDE}.Debug|x86.Build.0 = Debug|Any CPU
		{D521CFDB-8273-42A0-BA9C-B1F2C0A19EDE}.Release|Any CPU.ActiveCfg = Release|Any CPU
		{D521CFDB-8273-42A0-BA9C-B1F2C0A19EDE}.Release|Any CPU.Build.0 = Release|Any CPU
		{D521CFDB-8273-42A0-BA9C-B1F2C0A19EDE}.Release|x64.ActiveCfg = Release|Any CPU
		{D521CFDB-8273-42A0-BA9C-B1F2C0A19EDE}.Release|x64.Build.0 = Release|Any CPU
		{D521CFDB-8273-42A0-BA9C-B1F2C0A19EDE}.Release|x86.ActiveCfg = Release|Any CPU
		{D521CFDB-8273-42A0-BA9C-B1F2C0A19EDE}.Release|x86.Build.0 = Release|Any CPU
		{A995F020-A597-4A83-9743-A1C78487BE39}.Debug|Any CPU.ActiveCfg = Debug|Any CPU
		{A995F020-A597-4A83-9743-A1C78487BE39}.Debug|Any CPU.Build.0 = Debug|Any CPU
		{A995F020-A597-4A83-9743-A1C78487BE39}.Debug|x64.ActiveCfg = Debug|Any CPU
		{A995F020-A597-4A83-9743-A1C78487BE39}.Debug|x64.Build.0 = Debug|Any CPU
		{A995F020-A597-4A83-9743-A1C78487BE39}.Debug|x86.ActiveCfg = Debug|Any CPU
		{A995F020-A597-4A83-9743-A1C78487BE39}.Debug|x86.Build.0 = Debug|Any CPU
		{A995F020-A597-4A83-9743-A1C78487BE39}.Release|Any CPU.ActiveCfg = Release|Any CPU
		{A995F020-A597-4A83-9743-A1C78487BE39}.Release|Any CPU.Build.0 = Release|Any CPU
		{A995F020-A597-4A83-9743-A1C78487BE39}.Release|x64.ActiveCfg = Release|Any CPU
		{A995F020-A597-4A83-9743-A1C78487BE39}.Release|x64.Build.0 = Release|Any CPU
		{A995F020-A597-4A83-9743-A1C78487BE39}.Release|x86.ActiveCfg = Release|Any CPU
		{A995F020-A597-4A83-9743-A1C78487BE39}.Release|x86.Build.0 = Release|Any CPU
		{08D3E96A-EB9A-4213-B116-387E7854732B}.Debug|Any CPU.ActiveCfg = Debug|Any CPU
		{08D3E96A-EB9A-4213-B116-387E7854732B}.Debug|Any CPU.Build.0 = Debug|Any CPU
		{08D3E96A-EB9A-4213-B116-387E7854732B}.Debug|x64.ActiveCfg = Debug|Any CPU
		{08D3E96A-EB9A-4213-B116-387E7854732B}.Debug|x64.Build.0 = Debug|Any CPU
		{08D3E96A-EB9A-4213-B116-387E7854732B}.Debug|x86.ActiveCfg = Debug|Any CPU
		{08D3E96A-EB9A-4213-B116-387E7854732B}.Debug|x86.Build.0 = Debug|Any CPU
		{08D3E96A-EB9A-4213-B116-387E7854732B}.Release|Any CPU.ActiveCfg = Release|Any CPU
		{08D3E96A-EB9A-4213-B116-387E7854732B}.Release|Any CPU.Build.0 = Release|Any CPU
		{08D3E96A-EB9A-4213-B116-387E7854732B}.Release|x64.ActiveCfg = Release|Any CPU
		{08D3E96A-EB9A-4213-B116-387E7854732B}.Release|x64.Build.0 = Release|Any CPU
		{08D3E96A-EB9A-4213-B116-387E7854732B}.Release|x86.ActiveCfg = Release|Any CPU
		{08D3E96A-EB9A-4213-B116-387E7854732B}.Release|x86.Build.0 = Release|Any CPU
		{05F9BC9A-6FA8-47C6-8D50-710EFDF2A2BB}.Debug|Any CPU.ActiveCfg = Debug|Any CPU
		{05F9BC9A-6FA8-47C6-8D50-710EFDF2A2BB}.Debug|Any CPU.Build.0 = Debug|Any CPU
		{05F9BC9A-6FA8-47C6-8D50-710EFDF2A2BB}.Debug|x64.ActiveCfg = Debug|Any CPU
		{05F9BC9A-6FA8-47C6-8D50-710EFDF2A2BB}.Debug|x64.Build.0 = Debug|Any CPU
		{05F9BC9A-6FA8-47C6-8D50-710EFDF2A2BB}.Debug|x86.ActiveCfg = Debug|Any CPU
		{05F9BC9A-6FA8-47C6-8D50-710EFDF2A2BB}.Debug|x86.Build.0 = Debug|Any CPU
		{05F9BC9A-6FA8-47C6-8D50-710EFDF2A2BB}.Release|Any CPU.ActiveCfg = Release|Any CPU
		{05F9BC9A-6FA8-47C6-8D50-710EFDF2A2BB}.Release|Any CPU.Build.0 = Release|Any CPU
		{05F9BC9A-6FA8-47C6-8D50-710EFDF2A2BB}.Release|x64.ActiveCfg = Release|Any CPU
		{05F9BC9A-6FA8-47C6-8D50-710EFDF2A2BB}.Release|x64.Build.0 = Release|Any CPU
		{05F9BC9A-6FA8-47C6-8D50-710EFDF2A2BB}.Release|x86.ActiveCfg = Release|Any CPU
		{05F9BC9A-6FA8-47C6-8D50-710EFDF2A2BB}.Release|x86.Build.0 = Release|Any CPU
		{906D3365-504E-44E4-A924-DA63188B4F4E}.Debug|Any CPU.ActiveCfg = Debug|Any CPU
		{906D3365-504E-44E4-A924-DA63188B4F4E}.Debug|Any CPU.Build.0 = Debug|Any CPU
		{906D3365-504E-44E4-A924-DA63188B4F4E}.Debug|x64.ActiveCfg = Debug|Any CPU
		{906D3365-504E-44E4-A924-DA63188B4F4E}.Debug|x64.Build.0 = Debug|Any CPU
		{906D3365-504E-44E4-A924-DA63188B4F4E}.Debug|x86.ActiveCfg = Debug|Any CPU
		{906D3365-504E-44E4-A924-DA63188B4F4E}.Debug|x86.Build.0 = Debug|Any CPU
		{906D3365-504E-44E4-A924-DA63188B4F4E}.Release|Any CPU.ActiveCfg = Release|Any CPU
		{906D3365-504E-44E4-A924-DA63188B4F4E}.Release|Any CPU.Build.0 = Release|Any CPU
		{906D3365-504E-44E4-A924-DA63188B4F4E}.Release|x64.ActiveCfg = Release|Any CPU
		{906D3365-504E-44E4-A924-DA63188B4F4E}.Release|x64.Build.0 = Release|Any CPU
		{906D3365-504E-44E4-A924-DA63188B4F4E}.Release|x86.ActiveCfg = Release|Any CPU
		{906D3365-504E-44E4-A924-DA63188B4F4E}.Release|x86.Build.0 = Release|Any CPU
		{8AE7C4DF-24F1-4066-B812-5A6598B102C1}.Debug|Any CPU.ActiveCfg = Debug|Any CPU
		{8AE7C4DF-24F1-4066-B812-5A6598B102C1}.Debug|Any CPU.Build.0 = Debug|Any CPU
		{8AE7C4DF-24F1-4066-B812-5A6598B102C1}.Debug|x64.ActiveCfg = Debug|Any CPU
		{8AE7C4DF-24F1-4066-B812-5A6598B102C1}.Debug|x64.Build.0 = Debug|Any CPU
		{8AE7C4DF-24F1-4066-B812-5A6598B102C1}.Debug|x86.ActiveCfg = Debug|Any CPU
		{8AE7C4DF-24F1-4066-B812-5A6598B102C1}.Debug|x86.Build.0 = Debug|Any CPU
		{8AE7C4DF-24F1-4066-B812-5A6598B102C1}.Release|Any CPU.ActiveCfg = Release|Any CPU
		{8AE7C4DF-24F1-4066-B812-5A6598B102C1}.Release|Any CPU.Build.0 = Release|Any CPU
		{8AE7C4DF-24F1-4066-B812-5A6598B102C1}.Release|x64.ActiveCfg = Release|Any CPU
		{8AE7C4DF-24F1-4066-B812-5A6598B102C1}.Release|x64.Build.0 = Release|Any CPU
		{8AE7C4DF-24F1-4066-B812-5A6598B102C1}.Release|x86.ActiveCfg = Release|Any CPU
		{8AE7C4DF-24F1-4066-B812-5A6598B102C1}.Release|x86.Build.0 = Release|Any CPU
		{07B794B5-CB56-487C-B3EB-795F54CCD5E1}.Debug|Any CPU.ActiveCfg = Debug|Any CPU
		{07B794B5-CB56-487C-B3EB-795F54CCD5E1}.Debug|Any CPU.Build.0 = Debug|Any CPU
		{07B794B5-CB56-487C-B3EB-795F54CCD5E1}.Debug|x64.ActiveCfg = Debug|Any CPU
		{07B794B5-CB56-487C-B3EB-795F54CCD5E1}.Debug|x64.Build.0 = Debug|Any CPU
		{07B794B5-CB56-487C-B3EB-795F54CCD5E1}.Debug|x86.ActiveCfg = Debug|Any CPU
		{07B794B5-CB56-487C-B3EB-795F54CCD5E1}.Debug|x86.Build.0 = Debug|Any CPU
		{07B794B5-CB56-487C-B3EB-795F54CCD5E1}.Release|Any CPU.ActiveCfg = Release|Any CPU
		{07B794B5-CB56-487C-B3EB-795F54CCD5E1}.Release|Any CPU.Build.0 = Release|Any CPU
		{07B794B5-CB56-487C-B3EB-795F54CCD5E1}.Release|x64.ActiveCfg = Release|Any CPU
		{07B794B5-CB56-487C-B3EB-795F54CCD5E1}.Release|x64.Build.0 = Release|Any CPU
		{07B794B5-CB56-487C-B3EB-795F54CCD5E1}.Release|x86.ActiveCfg = Release|Any CPU
		{07B794B5-CB56-487C-B3EB-795F54CCD5E1}.Release|x86.Build.0 = Release|Any CPU
		{4D165799-0AA2-4F4D-B8A3-448E5E4C548B}.Debug|Any CPU.ActiveCfg = Debug|Any CPU
		{4D165799-0AA2-4F4D-B8A3-448E5E4C548B}.Debug|Any CPU.Build.0 = Debug|Any CPU
		{4D165799-0AA2-4F4D-B8A3-448E5E4C548B}.Debug|x64.ActiveCfg = Debug|Any CPU
		{4D165799-0AA2-4F4D-B8A3-448E5E4C548B}.Debug|x64.Build.0 = Debug|Any CPU
		{4D165799-0AA2-4F4D-B8A3-448E5E4C548B}.Debug|x86.ActiveCfg = Debug|Any CPU
		{4D165799-0AA2-4F4D-B8A3-448E5E4C548B}.Debug|x86.Build.0 = Debug|Any CPU
		{4D165799-0AA2-4F4D-B8A3-448E5E4C548B}.Release|Any CPU.ActiveCfg = Release|Any CPU
		{4D165799-0AA2-4F4D-B8A3-448E5E4C548B}.Release|Any CPU.Build.0 = Release|Any CPU
		{4D165799-0AA2-4F4D-B8A3-448E5E4C548B}.Release|x64.ActiveCfg = Release|Any CPU
		{4D165799-0AA2-4F4D-B8A3-448E5E4C548B}.Release|x64.Build.0 = Release|Any CPU
		{4D165799-0AA2-4F4D-B8A3-448E5E4C548B}.Release|x86.ActiveCfg = Release|Any CPU
		{4D165799-0AA2-4F4D-B8A3-448E5E4C548B}.Release|x86.Build.0 = Release|Any CPU
		{85EB6EF1-C0EC-461C-A01E-6E22AAF14562}.Debug|Any CPU.ActiveCfg = Debug|Any CPU
		{85EB6EF1-C0EC-461C-A01E-6E22AAF14562}.Debug|Any CPU.Build.0 = Debug|Any CPU
		{85EB6EF1-C0EC-461C-A01E-6E22AAF14562}.Debug|x64.ActiveCfg = Debug|Any CPU
		{85EB6EF1-C0EC-461C-A01E-6E22AAF14562}.Debug|x64.Build.0 = Debug|Any CPU
		{85EB6EF1-C0EC-461C-A01E-6E22AAF14562}.Debug|x86.ActiveCfg = Debug|Any CPU
		{85EB6EF1-C0EC-461C-A01E-6E22AAF14562}.Debug|x86.Build.0 = Debug|Any CPU
		{85EB6EF1-C0EC-461C-A01E-6E22AAF14562}.Release|Any CPU.ActiveCfg = Release|Any CPU
		{85EB6EF1-C0EC-461C-A01E-6E22AAF14562}.Release|Any CPU.Build.0 = Release|Any CPU
		{85EB6EF1-C0EC-461C-A01E-6E22AAF14562}.Release|x64.ActiveCfg = Release|Any CPU
		{85EB6EF1-C0EC-461C-A01E-6E22AAF14562}.Release|x64.Build.0 = Release|Any CPU
		{85EB6EF1-C0EC-461C-A01E-6E22AAF14562}.Release|x86.ActiveCfg = Release|Any CPU
		{85EB6EF1-C0EC-461C-A01E-6E22AAF14562}.Release|x86.Build.0 = Release|Any CPU
		{FD4BC7B2-5CF6-4730-80C5-C5D6A47E67F5}.Debug|Any CPU.ActiveCfg = Debug|Any CPU
		{FD4BC7B2-5CF6-4730-80C5-C5D6A47E67F5}.Debug|Any CPU.Build.0 = Debug|Any CPU
		{FD4BC7B2-5CF6-4730-80C5-C5D6A47E67F5}.Debug|x64.ActiveCfg = Debug|Any CPU
		{FD4BC7B2-5CF6-4730-80C5-C5D6A47E67F5}.Debug|x64.Build.0 = Debug|Any CPU
		{FD4BC7B2-5CF6-4730-80C5-C5D6A47E67F5}.Debug|x86.ActiveCfg = Debug|Any CPU
		{FD4BC7B2-5CF6-4730-80C5-C5D6A47E67F5}.Debug|x86.Build.0 = Debug|Any CPU
		{FD4BC7B2-5CF6-4730-80C5-C5D6A47E67F5}.Release|Any CPU.ActiveCfg = Release|Any CPU
		{FD4BC7B2-5CF6-4730-80C5-C5D6A47E67F5}.Release|Any CPU.Build.0 = Release|Any CPU
		{FD4BC7B2-5CF6-4730-80C5-C5D6A47E67F5}.Release|x64.ActiveCfg = Release|Any CPU
		{FD4BC7B2-5CF6-4730-80C5-C5D6A47E67F5}.Release|x64.Build.0 = Release|Any CPU
		{FD4BC7B2-5CF6-4730-80C5-C5D6A47E67F5}.Release|x86.ActiveCfg = Release|Any CPU
		{FD4BC7B2-5CF6-4730-80C5-C5D6A47E67F5}.Release|x86.Build.0 = Release|Any CPU
		{EE8C7C19-3E1C-4C1D-BDA0-332D45EF6713}.Debug|Any CPU.ActiveCfg = Debug|Any CPU
		{EE8C7C19-3E1C-4C1D-BDA0-332D45EF6713}.Debug|Any CPU.Build.0 = Debug|Any CPU
		{EE8C7C19-3E1C-4C1D-BDA0-332D45EF6713}.Debug|x64.ActiveCfg = Debug|Any CPU
		{EE8C7C19-3E1C-4C1D-BDA0-332D45EF6713}.Debug|x64.Build.0 = Debug|Any CPU
		{EE8C7C19-3E1C-4C1D-BDA0-332D45EF6713}.Debug|x86.ActiveCfg = Debug|Any CPU
		{EE8C7C19-3E1C-4C1D-BDA0-332D45EF6713}.Debug|x86.Build.0 = Debug|Any CPU
		{EE8C7C19-3E1C-4C1D-BDA0-332D45EF6713}.Release|Any CPU.ActiveCfg = Release|Any CPU
		{EE8C7C19-3E1C-4C1D-BDA0-332D45EF6713}.Release|Any CPU.Build.0 = Release|Any CPU
		{EE8C7C19-3E1C-4C1D-BDA0-332D45EF6713}.Release|x64.ActiveCfg = Release|Any CPU
		{EE8C7C19-3E1C-4C1D-BDA0-332D45EF6713}.Release|x64.Build.0 = Release|Any CPU
		{EE8C7C19-3E1C-4C1D-BDA0-332D45EF6713}.Release|x86.ActiveCfg = Release|Any CPU
		{EE8C7C19-3E1C-4C1D-BDA0-332D45EF6713}.Release|x86.Build.0 = Release|Any CPU
		{247187D9-3210-4756-9C04-3EC724A98839}.Debug|Any CPU.ActiveCfg = Debug|Any CPU
		{247187D9-3210-4756-9C04-3EC724A98839}.Debug|Any CPU.Build.0 = Debug|Any CPU
		{247187D9-3210-4756-9C04-3EC724A98839}.Debug|x64.ActiveCfg = Debug|Any CPU
		{247187D9-3210-4756-9C04-3EC724A98839}.Debug|x64.Build.0 = Debug|Any CPU
		{247187D9-3210-4756-9C04-3EC724A98839}.Debug|x86.ActiveCfg = Debug|Any CPU
		{247187D9-3210-4756-9C04-3EC724A98839}.Debug|x86.Build.0 = Debug|Any CPU
		{247187D9-3210-4756-9C04-3EC724A98839}.Release|Any CPU.ActiveCfg = Release|Any CPU
		{247187D9-3210-4756-9C04-3EC724A98839}.Release|Any CPU.Build.0 = Release|Any CPU
		{247187D9-3210-4756-9C04-3EC724A98839}.Release|x64.ActiveCfg = Release|Any CPU
		{247187D9-3210-4756-9C04-3EC724A98839}.Release|x64.Build.0 = Release|Any CPU
		{247187D9-3210-4756-9C04-3EC724A98839}.Release|x86.ActiveCfg = Release|Any CPU
		{247187D9-3210-4756-9C04-3EC724A98839}.Release|x86.Build.0 = Release|Any CPU
		{17458E46-CC57-4E86-B99B-99C359E8D62C}.Debug|Any CPU.ActiveCfg = Debug|Any CPU
		{17458E46-CC57-4E86-B99B-99C359E8D62C}.Debug|Any CPU.Build.0 = Debug|Any CPU
		{17458E46-CC57-4E86-B99B-99C359E8D62C}.Debug|x64.ActiveCfg = Debug|Any CPU
		{17458E46-CC57-4E86-B99B-99C359E8D62C}.Debug|x64.Build.0 = Debug|Any CPU
		{17458E46-CC57-4E86-B99B-99C359E8D62C}.Debug|x86.ActiveCfg = Debug|Any CPU
		{17458E46-CC57-4E86-B99B-99C359E8D62C}.Debug|x86.Build.0 = Debug|Any CPU
		{17458E46-CC57-4E86-B99B-99C359E8D62C}.Release|Any CPU.ActiveCfg = Release|Any CPU
		{17458E46-CC57-4E86-B99B-99C359E8D62C}.Release|Any CPU.Build.0 = Release|Any CPU
		{17458E46-CC57-4E86-B99B-99C359E8D62C}.Release|x64.ActiveCfg = Release|Any CPU
		{17458E46-CC57-4E86-B99B-99C359E8D62C}.Release|x64.Build.0 = Release|Any CPU
		{17458E46-CC57-4E86-B99B-99C359E8D62C}.Release|x86.ActiveCfg = Release|Any CPU
		{17458E46-CC57-4E86-B99B-99C359E8D62C}.Release|x86.Build.0 = Release|Any CPU
		{AF908346-ABF0-41B8-9788-181942B9D546}.Debug|Any CPU.ActiveCfg = Debug|Any CPU
		{AF908346-ABF0-41B8-9788-181942B9D546}.Debug|Any CPU.Build.0 = Debug|Any CPU
		{AF908346-ABF0-41B8-9788-181942B9D546}.Debug|x64.ActiveCfg = Debug|Any CPU
		{AF908346-ABF0-41B8-9788-181942B9D546}.Debug|x64.Build.0 = Debug|Any CPU
		{AF908346-ABF0-41B8-9788-181942B9D546}.Debug|x86.ActiveCfg = Debug|Any CPU
		{AF908346-ABF0-41B8-9788-181942B9D546}.Debug|x86.Build.0 = Debug|Any CPU
		{AF908346-ABF0-41B8-9788-181942B9D546}.Release|Any CPU.ActiveCfg = Release|Any CPU
		{AF908346-ABF0-41B8-9788-181942B9D546}.Release|Any CPU.Build.0 = Release|Any CPU
		{AF908346-ABF0-41B8-9788-181942B9D546}.Release|x64.ActiveCfg = Release|Any CPU
		{AF908346-ABF0-41B8-9788-181942B9D546}.Release|x64.Build.0 = Release|Any CPU
		{AF908346-ABF0-41B8-9788-181942B9D546}.Release|x86.ActiveCfg = Release|Any CPU
		{AF908346-ABF0-41B8-9788-181942B9D546}.Release|x86.Build.0 = Release|Any CPU
		{17075E8A-7438-4E0D-9E7D-0CE2A17D4998}.Debug|Any CPU.ActiveCfg = Debug|Any CPU
		{17075E8A-7438-4E0D-9E7D-0CE2A17D4998}.Debug|Any CPU.Build.0 = Debug|Any CPU
		{17075E8A-7438-4E0D-9E7D-0CE2A17D4998}.Debug|x64.ActiveCfg = Debug|Any CPU
		{17075E8A-7438-4E0D-9E7D-0CE2A17D4998}.Debug|x64.Build.0 = Debug|Any CPU
		{17075E8A-7438-4E0D-9E7D-0CE2A17D4998}.Debug|x86.ActiveCfg = Debug|Any CPU
		{17075E8A-7438-4E0D-9E7D-0CE2A17D4998}.Debug|x86.Build.0 = Debug|Any CPU
		{17075E8A-7438-4E0D-9E7D-0CE2A17D4998}.Release|Any CPU.ActiveCfg = Release|Any CPU
		{17075E8A-7438-4E0D-9E7D-0CE2A17D4998}.Release|Any CPU.Build.0 = Release|Any CPU
		{17075E8A-7438-4E0D-9E7D-0CE2A17D4998}.Release|x64.ActiveCfg = Release|Any CPU
		{17075E8A-7438-4E0D-9E7D-0CE2A17D4998}.Release|x64.Build.0 = Release|Any CPU
		{17075E8A-7438-4E0D-9E7D-0CE2A17D4998}.Release|x86.ActiveCfg = Release|Any CPU
		{17075E8A-7438-4E0D-9E7D-0CE2A17D4998}.Release|x86.Build.0 = Release|Any CPU
		{1F706554-F46D-463C-A637-D2F2433C9468}.Debug|Any CPU.ActiveCfg = Debug|Any CPU
		{1F706554-F46D-463C-A637-D2F2433C9468}.Debug|Any CPU.Build.0 = Debug|Any CPU
		{1F706554-F46D-463C-A637-D2F2433C9468}.Debug|x64.ActiveCfg = Debug|Any CPU
		{1F706554-F46D-463C-A637-D2F2433C9468}.Debug|x64.Build.0 = Debug|Any CPU
		{1F706554-F46D-463C-A637-D2F2433C9468}.Debug|x86.ActiveCfg = Debug|Any CPU
		{1F706554-F46D-463C-A637-D2F2433C9468}.Debug|x86.Build.0 = Debug|Any CPU
		{1F706554-F46D-463C-A637-D2F2433C9468}.Release|Any CPU.ActiveCfg = Release|Any CPU
		{1F706554-F46D-463C-A637-D2F2433C9468}.Release|Any CPU.Build.0 = Release|Any CPU
		{1F706554-F46D-463C-A637-D2F2433C9468}.Release|x64.ActiveCfg = Release|Any CPU
		{1F706554-F46D-463C-A637-D2F2433C9468}.Release|x64.Build.0 = Release|Any CPU
		{1F706554-F46D-463C-A637-D2F2433C9468}.Release|x86.ActiveCfg = Release|Any CPU
		{1F706554-F46D-463C-A637-D2F2433C9468}.Release|x86.Build.0 = Release|Any CPU
		{D0483851-23F8-4424-B3C6-3457990CDE67}.Debug|Any CPU.ActiveCfg = Debug|Any CPU
		{D0483851-23F8-4424-B3C6-3457990CDE67}.Debug|Any CPU.Build.0 = Debug|Any CPU
		{D0483851-23F8-4424-B3C6-3457990CDE67}.Debug|x64.ActiveCfg = Debug|Any CPU
		{D0483851-23F8-4424-B3C6-3457990CDE67}.Debug|x64.Build.0 = Debug|Any CPU
		{D0483851-23F8-4424-B3C6-3457990CDE67}.Debug|x86.ActiveCfg = Debug|Any CPU
		{D0483851-23F8-4424-B3C6-3457990CDE67}.Debug|x86.Build.0 = Debug|Any CPU
		{D0483851-23F8-4424-B3C6-3457990CDE67}.Release|Any CPU.ActiveCfg = Release|Any CPU
		{D0483851-23F8-4424-B3C6-3457990CDE67}.Release|Any CPU.Build.0 = Release|Any CPU
		{D0483851-23F8-4424-B3C6-3457990CDE67}.Release|x64.ActiveCfg = Release|Any CPU
		{D0483851-23F8-4424-B3C6-3457990CDE67}.Release|x64.Build.0 = Release|Any CPU
		{D0483851-23F8-4424-B3C6-3457990CDE67}.Release|x86.ActiveCfg = Release|Any CPU
		{D0483851-23F8-4424-B3C6-3457990CDE67}.Release|x86.Build.0 = Release|Any CPU
		{F77A44E6-0222-4715-8A34-ADF8D9B0E762}.Debug|Any CPU.ActiveCfg = Debug|Any CPU
		{F77A44E6-0222-4715-8A34-ADF8D9B0E762}.Debug|Any CPU.Build.0 = Debug|Any CPU
		{F77A44E6-0222-4715-8A34-ADF8D9B0E762}.Debug|x64.ActiveCfg = Debug|Any CPU
		{F77A44E6-0222-4715-8A34-ADF8D9B0E762}.Debug|x64.Build.0 = Debug|Any CPU
		{F77A44E6-0222-4715-8A34-ADF8D9B0E762}.Debug|x86.ActiveCfg = Debug|Any CPU
		{F77A44E6-0222-4715-8A34-ADF8D9B0E762}.Debug|x86.Build.0 = Debug|Any CPU
		{F77A44E6-0222-4715-8A34-ADF8D9B0E762}.Release|Any CPU.ActiveCfg = Release|Any CPU
		{F77A44E6-0222-4715-8A34-ADF8D9B0E762}.Release|Any CPU.Build.0 = Release|Any CPU
		{F77A44E6-0222-4715-8A34-ADF8D9B0E762}.Release|x64.ActiveCfg = Release|Any CPU
		{F77A44E6-0222-4715-8A34-ADF8D9B0E762}.Release|x64.Build.0 = Release|Any CPU
		{F77A44E6-0222-4715-8A34-ADF8D9B0E762}.Release|x86.ActiveCfg = Release|Any CPU
		{F77A44E6-0222-4715-8A34-ADF8D9B0E762}.Release|x86.Build.0 = Release|Any CPU
		{7CD18E1A-CD53-4E49-A1C6-0EAC1F0ACC1A}.Debug|Any CPU.ActiveCfg = Debug|Any CPU
		{7CD18E1A-CD53-4E49-A1C6-0EAC1F0ACC1A}.Debug|Any CPU.Build.0 = Debug|Any CPU
		{7CD18E1A-CD53-4E49-A1C6-0EAC1F0ACC1A}.Debug|x64.ActiveCfg = Debug|Any CPU
		{7CD18E1A-CD53-4E49-A1C6-0EAC1F0ACC1A}.Debug|x64.Build.0 = Debug|Any CPU
		{7CD18E1A-CD53-4E49-A1C6-0EAC1F0ACC1A}.Debug|x86.ActiveCfg = Debug|Any CPU
		{7CD18E1A-CD53-4E49-A1C6-0EAC1F0ACC1A}.Debug|x86.Build.0 = Debug|Any CPU
		{7CD18E1A-CD53-4E49-A1C6-0EAC1F0ACC1A}.Release|Any CPU.ActiveCfg = Release|Any CPU
		{7CD18E1A-CD53-4E49-A1C6-0EAC1F0ACC1A}.Release|Any CPU.Build.0 = Release|Any CPU
		{7CD18E1A-CD53-4E49-A1C6-0EAC1F0ACC1A}.Release|x64.ActiveCfg = Release|Any CPU
		{7CD18E1A-CD53-4E49-A1C6-0EAC1F0ACC1A}.Release|x64.Build.0 = Release|Any CPU
		{7CD18E1A-CD53-4E49-A1C6-0EAC1F0ACC1A}.Release|x86.ActiveCfg = Release|Any CPU
		{7CD18E1A-CD53-4E49-A1C6-0EAC1F0ACC1A}.Release|x86.Build.0 = Release|Any CPU
		{A3E9DF1D-2CDC-48A7-9681-4535C019E329}.Debug|Any CPU.ActiveCfg = Debug|Any CPU
		{A3E9DF1D-2CDC-48A7-9681-4535C019E329}.Debug|Any CPU.Build.0 = Debug|Any CPU
		{A3E9DF1D-2CDC-48A7-9681-4535C019E329}.Debug|x64.ActiveCfg = Debug|Any CPU
		{A3E9DF1D-2CDC-48A7-9681-4535C019E329}.Debug|x64.Build.0 = Debug|Any CPU
		{A3E9DF1D-2CDC-48A7-9681-4535C019E329}.Debug|x86.ActiveCfg = Debug|Any CPU
		{A3E9DF1D-2CDC-48A7-9681-4535C019E329}.Debug|x86.Build.0 = Debug|Any CPU
		{A3E9DF1D-2CDC-48A7-9681-4535C019E329}.Release|Any CPU.ActiveCfg = Release|Any CPU
		{A3E9DF1D-2CDC-48A7-9681-4535C019E329}.Release|Any CPU.Build.0 = Release|Any CPU
		{A3E9DF1D-2CDC-48A7-9681-4535C019E329}.Release|x64.ActiveCfg = Release|Any CPU
		{A3E9DF1D-2CDC-48A7-9681-4535C019E329}.Release|x64.Build.0 = Release|Any CPU
		{A3E9DF1D-2CDC-48A7-9681-4535C019E329}.Release|x86.ActiveCfg = Release|Any CPU
		{A3E9DF1D-2CDC-48A7-9681-4535C019E329}.Release|x86.Build.0 = Release|Any CPU
		{3E8884EA-A779-444B-A2BE-7923BC2B261A}.Debug|Any CPU.ActiveCfg = Debug|Any CPU
		{3E8884EA-A779-444B-A2BE-7923BC2B261A}.Debug|Any CPU.Build.0 = Debug|Any CPU
		{3E8884EA-A779-444B-A2BE-7923BC2B261A}.Debug|x64.ActiveCfg = Debug|Any CPU
		{3E8884EA-A779-444B-A2BE-7923BC2B261A}.Debug|x64.Build.0 = Debug|Any CPU
		{3E8884EA-A779-444B-A2BE-7923BC2B261A}.Debug|x86.ActiveCfg = Debug|Any CPU
		{3E8884EA-A779-444B-A2BE-7923BC2B261A}.Debug|x86.Build.0 = Debug|Any CPU
		{3E8884EA-A779-444B-A2BE-7923BC2B261A}.Release|Any CPU.ActiveCfg = Release|Any CPU
		{3E8884EA-A779-444B-A2BE-7923BC2B261A}.Release|Any CPU.Build.0 = Release|Any CPU
		{3E8884EA-A779-444B-A2BE-7923BC2B261A}.Release|x64.ActiveCfg = Release|Any CPU
		{3E8884EA-A779-444B-A2BE-7923BC2B261A}.Release|x64.Build.0 = Release|Any CPU
		{3E8884EA-A779-444B-A2BE-7923BC2B261A}.Release|x86.ActiveCfg = Release|Any CPU
		{3E8884EA-A779-444B-A2BE-7923BC2B261A}.Release|x86.Build.0 = Release|Any CPU
		{30803026-015F-4AB0-AC5B-60B38E9E0E8B}.Debug|Any CPU.ActiveCfg = Debug|Any CPU
		{30803026-015F-4AB0-AC5B-60B38E9E0E8B}.Debug|Any CPU.Build.0 = Debug|Any CPU
		{30803026-015F-4AB0-AC5B-60B38E9E0E8B}.Debug|x64.ActiveCfg = Debug|Any CPU
		{30803026-015F-4AB0-AC5B-60B38E9E0E8B}.Debug|x64.Build.0 = Debug|Any CPU
		{30803026-015F-4AB0-AC5B-60B38E9E0E8B}.Debug|x86.ActiveCfg = Debug|Any CPU
		{30803026-015F-4AB0-AC5B-60B38E9E0E8B}.Debug|x86.Build.0 = Debug|Any CPU
		{30803026-015F-4AB0-AC5B-60B38E9E0E8B}.Release|Any CPU.ActiveCfg = Release|Any CPU
		{30803026-015F-4AB0-AC5B-60B38E9E0E8B}.Release|Any CPU.Build.0 = Release|Any CPU
		{30803026-015F-4AB0-AC5B-60B38E9E0E8B}.Release|x64.ActiveCfg = Release|Any CPU
		{30803026-015F-4AB0-AC5B-60B38E9E0E8B}.Release|x64.Build.0 = Release|Any CPU
		{30803026-015F-4AB0-AC5B-60B38E9E0E8B}.Release|x86.ActiveCfg = Release|Any CPU
		{30803026-015F-4AB0-AC5B-60B38E9E0E8B}.Release|x86.Build.0 = Release|Any CPU
		{95C4A484-76B5-4F09-9D53-AD305720C608}.Debug|Any CPU.ActiveCfg = Debug|Any CPU
		{95C4A484-76B5-4F09-9D53-AD305720C608}.Debug|Any CPU.Build.0 = Debug|Any CPU
		{95C4A484-76B5-4F09-9D53-AD305720C608}.Debug|x64.ActiveCfg = Debug|Any CPU
		{95C4A484-76B5-4F09-9D53-AD305720C608}.Debug|x64.Build.0 = Debug|Any CPU
		{95C4A484-76B5-4F09-9D53-AD305720C608}.Debug|x86.ActiveCfg = Debug|Any CPU
		{95C4A484-76B5-4F09-9D53-AD305720C608}.Debug|x86.Build.0 = Debug|Any CPU
		{95C4A484-76B5-4F09-9D53-AD305720C608}.Release|Any CPU.ActiveCfg = Release|Any CPU
		{95C4A484-76B5-4F09-9D53-AD305720C608}.Release|Any CPU.Build.0 = Release|Any CPU
		{95C4A484-76B5-4F09-9D53-AD305720C608}.Release|x64.ActiveCfg = Release|Any CPU
		{95C4A484-76B5-4F09-9D53-AD305720C608}.Release|x64.Build.0 = Release|Any CPU
		{95C4A484-76B5-4F09-9D53-AD305720C608}.Release|x86.ActiveCfg = Release|Any CPU
		{95C4A484-76B5-4F09-9D53-AD305720C608}.Release|x86.Build.0 = Release|Any CPU
		{C8F4E119-1C0B-4733-B960-9FBE11874A9E}.Debug|Any CPU.ActiveCfg = Debug|Any CPU
		{C8F4E119-1C0B-4733-B960-9FBE11874A9E}.Debug|Any CPU.Build.0 = Debug|Any CPU
		{C8F4E119-1C0B-4733-B960-9FBE11874A9E}.Debug|x64.ActiveCfg = Debug|Any CPU
		{C8F4E119-1C0B-4733-B960-9FBE11874A9E}.Debug|x64.Build.0 = Debug|Any CPU
		{C8F4E119-1C0B-4733-B960-9FBE11874A9E}.Debug|x86.ActiveCfg = Debug|Any CPU
		{C8F4E119-1C0B-4733-B960-9FBE11874A9E}.Debug|x86.Build.0 = Debug|Any CPU
		{C8F4E119-1C0B-4733-B960-9FBE11874A9E}.Release|Any CPU.ActiveCfg = Release|Any CPU
		{C8F4E119-1C0B-4733-B960-9FBE11874A9E}.Release|Any CPU.Build.0 = Release|Any CPU
		{C8F4E119-1C0B-4733-B960-9FBE11874A9E}.Release|x64.ActiveCfg = Release|Any CPU
		{C8F4E119-1C0B-4733-B960-9FBE11874A9E}.Release|x64.Build.0 = Release|Any CPU
		{C8F4E119-1C0B-4733-B960-9FBE11874A9E}.Release|x86.ActiveCfg = Release|Any CPU
		{C8F4E119-1C0B-4733-B960-9FBE11874A9E}.Release|x86.Build.0 = Release|Any CPU
	EndGlobalSection
	GlobalSection(SolutionProperties) = preSolution
		HideSolutionNode = FALSE
	EndGlobalSection
	GlobalSection(NestedProjects) = preSolution
		{90298CBA-BD6F-3A0A-69D5-97CAD7B05E7E} = {827E0CD3-B72D-47B6-A68D-7590B98EB39B}
		{246796E5-BC89-435A-B3CF-66FC039A05E3} = {90298CBA-BD6F-3A0A-69D5-97CAD7B05E7E}
		{B0319ED1-8592-4A88-9E79-07868A98E793} = {90298CBA-BD6F-3A0A-69D5-97CAD7B05E7E}
		{8588B645-E0F7-4597-96AC-A7CAFA98CF3F} = {90298CBA-BD6F-3A0A-69D5-97CAD7B05E7E}
		{984BB9B3-3FA3-BE33-9484-CAC21695A33C} = {827E0CD3-B72D-47B6-A68D-7590B98EB39B}
		{B11C161C-87E2-8E15-0498-AB5185D86FB9} = {984BB9B3-3FA3-BE33-9484-CAC21695A33C}
		{AB22F3C1-4E0C-42BC-A056-CD3D294B7E36} = {B11C161C-87E2-8E15-0498-AB5185D86FB9}
		{3A5382EA-8043-40A7-A2F1-270AF185EAE0} = {B11C161C-87E2-8E15-0498-AB5185D86FB9}
		{AC7F07A4-EF79-4F7F-BF6C-E361B5C0F99D} = {B11C161C-87E2-8E15-0498-AB5185D86FB9}
		{DF73430C-0C67-4933-A15F-DAA1549CBBD8} = {B11C161C-87E2-8E15-0498-AB5185D86FB9}
		{75B6D2FC-49B4-4CF7-AFA4-10FCBFA328D7} = {B11C161C-87E2-8E15-0498-AB5185D86FB9}
		{1BFC9479-12BF-35C3-06B8-42D89D95092B} = {984BB9B3-3FA3-BE33-9484-CAC21695A33C}
		{4130F7D2-9896-4EBE-9B53-6A8A64940AC4} = {1BFC9479-12BF-35C3-06B8-42D89D95092B}
		{0229616B-DE7E-49E6-9C86-13CA67760BDB} = {1BFC9479-12BF-35C3-06B8-42D89D95092B}
		{A4E76BAE-4E99-460F-9F52-3C14DB5B282C} = {1BFC9479-12BF-35C3-06B8-42D89D95092B}
		{DF80ADCB-37FC-4D85-A677-22A6EC89ECDE} = {1BFC9479-12BF-35C3-06B8-42D89D95092B}
		{D521CFDB-8273-42A0-BA9C-B1F2C0A19EDE} = {1BFC9479-12BF-35C3-06B8-42D89D95092B}
		{08C338B6-93AF-3291-0824-EC06734D973B} = {984BB9B3-3FA3-BE33-9484-CAC21695A33C}
		{A995F020-A597-4A83-9743-A1C78487BE39} = {08C338B6-93AF-3291-0824-EC06734D973B}
		{08D3E96A-EB9A-4213-B116-387E7854732B} = {08C338B6-93AF-3291-0824-EC06734D973B}
		{05F9BC9A-6FA8-47C6-8D50-710EFDF2A2BB} = {08C338B6-93AF-3291-0824-EC06734D973B}
		{906D3365-504E-44E4-A924-DA63188B4F4E} = {08C338B6-93AF-3291-0824-EC06734D973B}
		{8AE7C4DF-24F1-4066-B812-5A6598B102C1} = {08C338B6-93AF-3291-0824-EC06734D973B}
		{558A5B21-D272-95AE-CA2D-B74645B1AE0F} = {984BB9B3-3FA3-BE33-9484-CAC21695A33C}
		{07B794B5-CB56-487C-B3EB-795F54CCD5E1} = {558A5B21-D272-95AE-CA2D-B74645B1AE0F}
		{4D165799-0AA2-4F4D-B8A3-448E5E4C548B} = {558A5B21-D272-95AE-CA2D-B74645B1AE0F}
		{85EB6EF1-C0EC-461C-A01E-6E22AAF14562} = {558A5B21-D272-95AE-CA2D-B74645B1AE0F}
		{FD4BC7B2-5CF6-4730-80C5-C5D6A47E67F5} = {558A5B21-D272-95AE-CA2D-B74645B1AE0F}
		{EE8C7C19-3E1C-4C1D-BDA0-332D45EF6713} = {558A5B21-D272-95AE-CA2D-B74645B1AE0F}
		{70B18DC6-6B0C-3763-F1D9-6A4C34F30556} = {984BB9B3-3FA3-BE33-9484-CAC21695A33C}
		{247187D9-3210-4756-9C04-3EC724A98839} = {70B18DC6-6B0C-3763-F1D9-6A4C34F30556}
		{17458E46-CC57-4E86-B99B-99C359E8D62C} = {70B18DC6-6B0C-3763-F1D9-6A4C34F30556}
		{AF908346-ABF0-41B8-9788-181942B9D546} = {70B18DC6-6B0C-3763-F1D9-6A4C34F30556}
		{17075E8A-7438-4E0D-9E7D-0CE2A17D4998} = {70B18DC6-6B0C-3763-F1D9-6A4C34F30556}
		{1F706554-F46D-463C-A637-D2F2433C9468} = {70B18DC6-6B0C-3763-F1D9-6A4C34F30556}
		{5D0AC027-C8EE-3244-A029-36278C99F1B8} = {984BB9B3-3FA3-BE33-9484-CAC21695A33C}
		{D0483851-23F8-4424-B3C6-3457990CDE67} = {5D0AC027-C8EE-3244-A029-36278C99F1B8}
		{F77A44E6-0222-4715-8A34-ADF8D9B0E762} = {5D0AC027-C8EE-3244-A029-36278C99F1B8}
		{7CD18E1A-CD53-4E49-A1C6-0EAC1F0ACC1A} = {5D0AC027-C8EE-3244-A029-36278C99F1B8}
		{A3E9DF1D-2CDC-48A7-9681-4535C019E329} = {5D0AC027-C8EE-3244-A029-36278C99F1B8}
		{3E8884EA-A779-444B-A2BE-7923BC2B261A} = {5D0AC027-C8EE-3244-A029-36278C99F1B8}
		{30803026-015F-4AB0-AC5B-60B38E9E0E8B} = {90298CBA-BD6F-3A0A-69D5-97CAD7B05E7E}
		{95C4A484-76B5-4F09-9D53-AD305720C608} = {90298CBA-BD6F-3A0A-69D5-97CAD7B05E7E}
		{C8F4E119-1C0B-4733-B960-9FBE11874A9E} = {90298CBA-BD6F-3A0A-69D5-97CAD7B05E7E}
	EndGlobalSection
EndGlobal
